
Microsoft Visual Studio Solution File, Format Version 12.00
# Visual Studio Version 17
VisualStudioVersion = 17.5.33424.131
MinimumVisualStudioVersion = 10.0.40219.1
Project("{FAE04EC0-301F-11D3-BF4B-00C04F79EFBC}") = "CustomWebTemplate.Module", "CustomWebTemplate.Module\CustomWebTemplate.Module.csproj", "{B7B5B05D-0D51-42A0-8DDA-23202C60E6F1}"
EndProject
Project("{FAE04EC0-301F-11D3-BF4B-00C04F79EFBC}") = "CustomWebTemplate.Module.Web", "CustomWebTemplate.Module.Web\CustomWebTemplate.Module.Web.csproj", "{D3BB5314-3C40-44E5-9ABF-D5510116AB72}"
EndProject
Project("{FAE04EC0-301F-11D3-BF4B-00C04F79EFBC}") = "CustomWebTemplate.Web", "CustomWebTemplate.Web\CustomWebTemplate.Web.csproj", "{F93A4722-A34F-4F54-81F7-CEDD07460378}"
EndProject
Global
	GlobalSection(SolutionConfigurationPlatforms) = preSolution
		Debug|Any CPU = Debug|Any CPU
		EasyTest|Any CPU = EasyTest|Any CPU
		Release|Any CPU = Release|Any CPU
	EndGlobalSection
	GlobalSection(ProjectConfigurationPlatforms) = postSolution
		{B7B5B05D-0D51-42A0-8DDA-23202C60E6F1}.Debug|Any CPU.ActiveCfg = Debug|Any CPU
		{B7B5B05D-0D51-42A0-8DDA-23202C60E6F1}.Debug|Any CPU.Build.0 = Debug|Any CPU
		{B7B5B05D-0D51-42A0-8DDA-23202C60E6F1}.EasyTest|Any CPU.ActiveCfg = EasyTest|Any CPU
		{B7B5B05D-0D51-42A0-8DDA-23202C60E6F1}.EasyTest|Any CPU.Build.0 = EasyTest|Any CPU
		{B7B5B05D-0D51-42A0-8DDA-23202C60E6F1}.Release|Any CPU.ActiveCfg = Release|Any CPU
		{B7B5B05D-0D51-42A0-8DDA-23202C60E6F1}.Release|Any CPU.Build.0 = Release|Any CPU
		{D3BB5314-3C40-44E5-9ABF-D5510116AB72}.Debug|Any CPU.ActiveCfg = Debug|Any CPU
		{D3BB5314-3C40-44E5-9ABF-D5510116AB72}.Debug|Any CPU.Build.0 = Debug|Any CPU
		{D3BB5314-3C40-44E5-9ABF-D5510116AB72}.EasyTest|Any CPU.ActiveCfg = EasyTest|Any CPU
		{D3BB5314-3C40-44E5-9ABF-D5510116AB72}.EasyTest|Any CPU.Build.0 = EasyTest|Any CPU
		{D3BB5314-3C40-44E5-9ABF-D5510116AB72}.Release|Any CPU.ActiveCfg = Release|Any CPU
		{D3BB5314-3C40-44E5-9ABF-D5510116AB72}.Release|Any CPU.Build.0 = Release|Any CPU
		{F93A4722-A34F-4F54-81F7-CEDD07460378}.Debug|Any CPU.ActiveCfg = Debug|Any CPU
		{F93A4722-A34F-4F54-81F7-CEDD07460378}.Debug|Any CPU.Build.0 = Debug|Any CPU
		{F93A4722-A34F-4F54-81F7-CEDD07460378}.EasyTest|Any CPU.ActiveCfg = EasyTest|Any CPU
		{F93A4722-A34F-4F54-81F7-CEDD07460378}.EasyTest|Any CPU.Build.0 = EasyTest|Any CPU
		{F93A4722-A34F-4F54-81F7-CEDD07460378}.Release|Any CPU.ActiveCfg = Release|Any CPU
		{F93A4722-A34F-4F54-81F7-CEDD07460378}.Release|Any CPU.Build.0 = Release|Any CPU
	EndGlobalSection
	GlobalSection(SolutionProperties) = preSolution
		HideSolutionNode = FALSE
	EndGlobalSection
EndGlobal
